// !$*UTF8*$!
{
	archiveVersion = 1;
	classes = {
	};
	objectVersion = 50;
	objects = {

/* Begin PBXBuildFile section */
		C5682DCB2483D6A1003C92AC /* AppDelegate.swift in Sources */ = {isa = PBXBuildFile; fileRef = C5682DCA2483D6A1003C92AC /* AppDelegate.swift */; };
		C5682DCD2483D6A1003C92AC /* SceneDelegate.swift in Sources */ = {isa = PBXBuildFile; fileRef = C5682DCC2483D6A1003C92AC /* SceneDelegate.swift */; };
		C5682DCF2483D6A1003C92AC /* ViewController.swift in Sources */ = {isa = PBXBuildFile; fileRef = C5682DCE2483D6A1003C92AC /* ViewController.swift */; };
		C5682DD22483D6A1003C92AC /* Main.storyboard in Resources */ = {isa = PBXBuildFile; fileRef = C5682DD02483D6A1003C92AC /* Main.storyboard */; };
		C5682DD42483D6A3003C92AC /* Assets.xcassets in Resources */ = {isa = PBXBuildFile; fileRef = C5682DD32483D6A3003C92AC /* Assets.xcassets */; };
		C5682DD72483D6A3003C92AC /* LaunchScreen.storyboard in Resources */ = {isa = PBXBuildFile; fileRef = C5682DD52483D6A3003C92AC /* LaunchScreen.storyboard */; };
		C5682DE22483D759003C92AC /* CustomView.swift in Sources */ = {isa = PBXBuildFile; fileRef = C5682DDF2483D759003C92AC /* CustomView.swift */; };
		C5682DE32483D759003C92AC /* CustomImageView.swift in Sources */ = {isa = PBXBuildFile; fileRef = C5682DE02483D759003C92AC /* CustomImageView.swift */; };
		C5682DE42483D759003C92AC /* CustomButton.swift in Sources */ = {isa = PBXBuildFile; fileRef = C5682DE12483D759003C92AC /* CustomButton.swift */; };
		C5682DE72483F1C1003C92AC /* ModalViewController.swift in Sources */ = {isa = PBXBuildFile; fileRef = C5682DE52483F1C1003C92AC /* ModalViewController.swift */; };
		C5682DE82483F1C1003C92AC /* ModalViewController.xib in Resources */ = {isa = PBXBuildFile; fileRef = C5682DE62483F1C1003C92AC /* ModalViewController.xib */; };
/* End PBXBuildFile section */

/* Begin PBXFileReference section */
		C5682DC72483D6A1003C92AC /* StopWatch.app */ = {isa = PBXFileReference; explicitFileType = wrapper.application; includeInIndex = 0; path = StopWatch.app; sourceTree = BUILT_PRODUCTS_DIR; };
		C5682DCA2483D6A1003C92AC /* AppDelegate.swift */ = {isa = PBXFileReference; lastKnownFileType = sourcecode.swift; path = AppDelegate.swift; sourceTree = "<group>"; };
		C5682DCC2483D6A1003C92AC /* SceneDelegate.swift */ = {isa = PBXFileReference; lastKnownFileType = sourcecode.swift; path = SceneDelegate.swift; sourceTree = "<group>"; };
		C5682DCE2483D6A1003C92AC /* ViewController.swift */ = {isa = PBXFileReference; lastKnownFileType = sourcecode.swift; path = ViewController.swift; sourceTree = "<group>"; };
		C5682DD12483D6A1003C92AC /* Base */ = {isa = PBXFileReference; lastKnownFileType = file.storyboard; name = Base; path = Base.lproj/Main.storyboard; sourceTree = "<group>"; };
		C5682DD32483D6A3003C92AC /* Assets.xcassets */ = {isa = PBXFileReference; lastKnownFileType = folder.assetcatalog; path = Assets.xcassets; sourceTree = "<group>"; };
		C5682DD62483D6A3003C92AC /* Base */ = {isa = PBXFileReference; lastKnownFileType = file.storyboard; name = Base; path = Base.lproj/LaunchScreen.storyboard; sourceTree = "<group>"; };
		C5682DD82483D6A3003C92AC /* Info.plist */ = {isa = PBXFileReference; lastKnownFileType = text.plist.xml; path = Info.plist; sourceTree = "<group>"; };
		C5682DDF2483D759003C92AC /* CustomView.swift */ = {isa = PBXFileReference; fileEncoding = 4; lastKnownFileType = sourcecode.swift; path = CustomView.swift; sourceTree = "<group>"; };
		C5682DE02483D759003C92AC /* CustomImageView.swift */ = {isa = PBXFileReference; fileEncoding = 4; lastKnownFileType = sourcecode.swift; path = CustomImageView.swift; sourceTree = "<group>"; };
		C5682DE12483D759003C92AC /* CustomButton.swift */ = {isa = PBXFileReference; fileEncoding = 4; lastKnownFileType = sourcecode.swift; path = CustomButton.swift; sourceTree = "<group>"; };
		C5682DE52483F1C1003C92AC /* ModalViewController.swift */ = {isa = PBXFileReference; lastKnownFileType = sourcecode.swift; path = ModalViewController.swift; sourceTree = "<group>"; };
		C5682DE62483F1C1003C92AC /* ModalViewController.xib */ = {isa = PBXFileReference; lastKnownFileType = file.xib; path = ModalViewController.xib; sourceTree = "<group>"; };
/* End PBXFileReference section */

/* Begin PBXFrameworksBuildPhase section */
		C5682DC42483D6A1003C92AC /* Frameworks */ = {
			isa = PBXFrameworksBuildPhase;
			buildActionMask = 2147483647;
			files = (
			);
			runOnlyForDeploymentPostprocessing = 0;
		};
/* End PBXFrameworksBuildPhase section */

/* Begin PBXGroup section */
		C5682DBE2483D6A1003C92AC = {
			isa = PBXGroup;
			children = (
				C5682DC92483D6A1003C92AC /* StopWatch */,
				C5682DC82483D6A1003C92AC /* Products */,
			);
			sourceTree = "<group>";
		};
		C5682DC82483D6A1003C92AC /* Products */ = {
			isa = PBXGroup;
			children = (
				C5682DC72483D6A1003C92AC /* StopWatch.app */,
			);
			name = Products;
			sourceTree = "<group>";
		};
		C5682DC92483D6A1003C92AC /* StopWatch */ = {
			isa = PBXGroup;
			children = (
				C5682DDE2483D73D003C92AC /* Views */,
				C5682DCA2483D6A1003C92AC /* AppDelegate.swift */,
				C5682DCC2483D6A1003C92AC /* SceneDelegate.swift */,
				C5682DCE2483D6A1003C92AC /* ViewController.swift */,
				C5682DD02483D6A1003C92AC /* Main.storyboard */,
				C5682DE52483F1C1003C92AC /* ModalViewController.swift */,
				C5682DE62483F1C1003C92AC /* ModalViewController.xib */,
				C5682DD32483D6A3003C92AC /* Assets.xcassets */,
				C5682DD52483D6A3003C92AC /* LaunchScreen.storyboard */,
				C5682DD82483D6A3003C92AC /* Info.plist */,
			);
			path = StopWatch;
			sourceTree = "<group>";
		};
		C5682DDE2483D73D003C92AC /* Views */ = {
			isa = PBXGroup;
			children = (
				C5682DE12483D759003C92AC /* CustomButton.swift */,
				C5682DE02483D759003C92AC /* CustomImageView.swift */,
				C5682DDF2483D759003C92AC /* CustomView.swift */,
			);
			path = Views;
			sourceTree = "<group>";
		};
/* End PBXGroup section */

/* Begin PBXNativeTarget section */
		C5682DC62483D6A1003C92AC /* StopWatch */ = {
			isa = PBXNativeTarget;
			buildConfigurationList = C5682DDB2483D6A3003C92AC /* Build configuration list for PBXNativeTarget "StopWatch" */;
			buildPhases = (
				C5682DC32483D6A1003C92AC /* Sources */,
				C5682DC42483D6A1003C92AC /* Frameworks */,
				C5682DC52483D6A1003C92AC /* Resources */,
			);
			buildRules = (
			);
			dependencies = (
			);
			name = StopWatch;
			productName = StopWatch;
			productReference = C5682DC72483D6A1003C92AC /* StopWatch.app */;
			productType = "com.apple.product-type.application";
		};
/* End PBXNativeTarget section */

/* Begin PBXProject section */
		C5682DBF2483D6A1003C92AC /* Project object */ = {
			isa = PBXProject;
			attributes = {
				LastSwiftUpdateCheck = 1150;
				LastUpgradeCheck = 1150;
				ORGANIZATIONNAME = "Naoki Kameyama";
				TargetAttributes = {
					C5682DC62483D6A1003C92AC = {
						CreatedOnToolsVersion = 11.5;
					};
				};
			};
			buildConfigurationList = C5682DC22483D6A1003C92AC /* Build configuration list for PBXProject "StopWatch" */;
			compatibilityVersion = "Xcode 9.3";
			developmentRegion = en;
			hasScannedForEncodings = 0;
			knownRegions = (
				en,
				Base,
			);
			mainGroup = C5682DBE2483D6A1003C92AC;
			productRefGroup = C5682DC82483D6A1003C92AC /* Products */;
			projectDirPath = "";
			projectRoot = "";
			targets = (
				C5682DC62483D6A1003C92AC /* StopWatch */,
			);
		};
/* End PBXProject section */

/* Begin PBXResourcesBuildPhase section */
		C5682DC52483D6A1003C92AC /* Resources */ = {
			isa = PBXResourcesBuildPhase;
			buildActionMask = 2147483647;
			files = (
				C5682DE82483F1C1003C92AC /* ModalViewController.xib in Resources */,
				C5682DD72483D6A3003C92AC /* LaunchScreen.storyboard in Resources */,
				C5682DD42483D6A3003C92AC /* Assets.xcassets in Resources */,
				C5682DD22483D6A1003C92AC /* Main.storyboard in Resources */,
			);
			runOnlyForDeploymentPostprocessing = 0;
		};
/* End PBXResourcesBuildPhase section */

/* Begin PBXSourcesBuildPhase section */
		C5682DC32483D6A1003C92AC /* Sources */ = {
			isa = PBXSourcesBuildPhase;
			buildActionMask = 2147483647;
			files = (
				C5682DCF2483D6A1003C92AC /* ViewController.swift in Sources */,
				C5682DE22483D759003C92AC /* CustomView.swift in Sources */,
				C5682DE42483D759003C92AC /* CustomButton.swift in Sources */,
				C5682DCB2483D6A1003C92AC /* AppDelegate.swift in Sources */,
				C5682DCD2483D6A1003C92AC /* SceneDelegate.swift in Sources */,
				C5682DE32483D759003C92AC /* CustomImageView.swift in Sources */,
				C5682DE72483F1C1003C92AC /* ModalViewController.swift in Sources */,
			);
			runOnlyForDeploymentPostprocessing = 0;
		};
/* End PBXSourcesBuildPhase section */

/* Begin PBXVariantGroup section */
		C5682DD02483D6A1003C92AC /* Main.storyboard */ = {
			isa = PBXVariantGroup;
			children = (
				C5682DD12483D6A1003C92AC /* Base */,
			);
			name = Main.storyboard;
			sourceTree = "<group>";
		};
		C5682DD52483D6A3003C92AC /* LaunchScreen.storyboard */ = {
			isa = PBXVariantGroup;
			children = (
				C5682DD62483D6A3003C92AC /* Base */,
			);
			name = LaunchScreen.storyboard;
			sourceTree = "<group>";
		};
/* End PBXVariantGroup section */

/* Begin XCBuildConfiguration section */
		C5682DD92483D6A3003C92AC /* Debug */ = {
			isa = XCBuildConfiguration;
			buildSettings = {
				ALWAYS_SEARCH_USER_PATHS = NO;
				CLANG_ANALYZER_NONNULL = YES;
				CLANG_ANALYZER_NUMBER_OBJECT_CONVERSION = YES_AGGRESSIVE;
				CLANG_CXX_LANGUAGE_STANDARD = "gnu++14";
				CLANG_CXX_LIBRARY = "libc++";
				CLANG_ENABLE_MODULES = YES;
				CLANG_ENABLE_OBJC_ARC = YES;
				CLANG_ENABLE_OBJC_WEAK = YES;
				CLANG_WARN_BLOCK_CAPTURE_AUTORELEASING = YES;
				CLANG_WARN_BOOL_CONVERSION = YES;
				CLANG_WARN_COMMA = YES;
				CLANG_WARN_CONSTANT_CONVERSION = YES;
				CLANG_WARN_DEPRECATED_OBJC_IMPLEMENTATIONS = YES;
				CLANG_WARN_DIRECT_OBJC_ISA_USAGE = YES_ERROR;
				CLANG_WARN_DOCUMENTATION_COMMENTS = YES;
				CLANG_WARN_EMPTY_BODY = YES;
				CLANG_WARN_ENUM_CONVERSION = YES;
				CLANG_WARN_INFINITE_RECURSION = YES;
				CLANG_WARN_INT_CONVERSION = YES;
				CLANG_WARN_NON_LITERAL_NULL_CONVERSION = YES;
				CLANG_WARN_OBJC_IMPLICIT_RETAIN_SELF = YES;
				CLANG_WARN_OBJC_LITERAL_CONVERSION = YES;
				CLANG_WARN_OBJC_ROOT_CLASS = YES_ERROR;
				CLANG_WARN_RANGE_LOOP_ANALYSIS = YES;
				CLANG_WARN_STRICT_PROTOTYPES = YES;
				CLANG_WARN_SUSPICIOUS_MOVE = YES;
				CLANG_WARN_UNGUARDED_AVAILABILITY = YES_AGGRESSIVE;
				CLANG_WARN_UNREACHABLE_CODE = YES;
				CLANG_WARN__DUPLICATE_METHOD_MATCH = YES;
				COPY_PHASE_STRIP = NO;
				DEBUG_INFORMATION_FORMAT = dwarf;
				ENABLE_STRICT_OBJC_MSGSEND = YES;
				ENABLE_TESTABILITY = YES;
				GCC_C_LANGUAGE_STANDARD = gnu11;
				GCC_DYNAMIC_NO_PIC = NO;
				GCC_NO_COMMON_BLOCKS = YES;
				GCC_OPTIMIZATION_LEVEL = 0;
				GCC_PREPROCESSOR_DEFINITIONS = (
					"DEBUG=1",
					"$(inherited)",
				);
				GCC_WARN_64_TO_32_BIT_CONVERSION = YES;
				GCC_WARN_ABOUT_RETURN_TYPE = YES_ERROR;
				GCC_WARN_UNDECLARED_SELECTOR = YES;
				GCC_WARN_UNINITIALIZED_AUTOS = YES_AGGRESSIVE;
				GCC_WARN_UNUSED_FUNCTION = YES;
				GCC_WARN_UNUSED_VARIABLE = YES;
				IPHONEOS_DEPLOYMENT_TARGET = 13.5;
				MTL_ENABLE_DEBUG_INFO = INCLUDE_SOURCE;
				MTL_FAST_MATH = YES;
				ONLY_ACTIVE_ARCH = YES;
				SDKROOT = iphoneos;
				SWIFT_ACTIVE_COMPILATION_CONDITIONS = DEBUG;
				SWIFT_OPTIMIZATION_LEVEL = "-Onone";
			};
			name = Debug;
		};
		C5682DDA2483D6A3003C92AC /* Release */ = {
			isa = XCBuildConfiguration;
			buildSettings = {
				ALWAYS_SEARCH_USER_PATHS = NO;
				CLANG_ANALYZER_NONNULL = YES;
				CLANG_ANALYZER_NUMBER_OBJECT_CONVERSION = YES_AGGRESSIVE;
				CLANG_CXX_LANGUAGE_STANDARD = "gnu++14";
				CLANG_CXX_LIBRARY = "libc++";
				CLANG_ENABLE_MODULES = YES;
				CLANG_ENABLE_OBJC_ARC = YES;
				CLANG_ENABLE_OBJC_WEAK = YES;
				CLANG_WARN_BLOCK_CAPTURE_AUTORELEASING = YES;
				CLANG_WARN_BOOL_CONVERSION = YES;
				CLANG_WARN_COMMA = YES;
				CLANG_WARN_CONSTANT_CONVERSION = YES;
				CLANG_WARN_DEPRECATED_OBJC_IMPLEMENTATIONS = YES;
				CLANG_WARN_DIRECT_OBJC_ISA_USAGE = YES_ERROR;
				CLANG_WARN_DOCUMENTATION_COMMENTS = YES;
				CLANG_WARN_EMPTY_BODY = YES;
				CLANG_WARN_ENUM_CONVERSION = YES;
				CLANG_WARN_INFINITE_RECURSION = YES;
				CLANG_WARN_INT_CONVERSION = YES;
				CLANG_WARN_NON_LITERAL_NULL_CONVERSION = YES;
				CLANG_WARN_OBJC_IMPLICIT_RETAIN_SELF = YES;
				CLANG_WARN_OBJC_LITERAL_CONVERSION = YES;
				CLANG_WARN_OBJC_ROOT_CLASS = YES_ERROR;
				CLANG_WARN_RANGE_LOOP_ANALYSIS = YES;
				CLANG_WARN_STRICT_PROTOTYPES = YES;
				CLANG_WARN_SUSPICIOUS_MOVE = YES;
				CLANG_WARN_UNGUARDED_AVAILABILITY = YES_AGGRESSIVE;
				CLANG_WARN_UNREACHABLE_CODE = YES;
				CLANG_WARN__DUPLICATE_METHOD_MATCH = YES;
				COPY_PHASE_STRIP = NO;
				DEBUG_INFORMATION_FORMAT = "dwarf-with-dsym";
				ENABLE_NS_ASSERTIONS = NO;
				ENABLE_STRICT_OBJC_MSGSEND = YES;
				GCC_C_LANGUAGE_STANDARD = gnu11;
				GCC_NO_COMMON_BLOCKS = YES;
				GCC_WARN_64_TO_32_BIT_CONVERSION = YES;
				GCC_WARN_ABOUT_RETURN_TYPE = YES_ERROR;
				GCC_WARN_UNDECLARED_SELECTOR = YES;
				GCC_WARN_UNINITIALIZED_AUTOS = YES_AGGRESSIVE;
				GCC_WARN_UNUSED_FUNCTION = YES;
				GCC_WARN_UNUSED_VARIABLE = YES;
				IPHONEOS_DEPLOYMENT_TARGET = 13.5;
				MTL_ENABLE_DEBUG_INFO = NO;
				MTL_FAST_MATH = YES;
				SDKROOT = iphoneos;
				SWIFT_COMPILATION_MODE = wholemodule;
				SWIFT_OPTIMIZATION_LEVEL = "-O";
				VALIDATE_PRODUCT = YES;
			};
			name = Release;
		};
		C5682DDC2483D6A3003C92AC /* Debug */ = {
			isa = XCBuildConfiguration;
			buildSettings = {
				ASSETCATALOG_COMPILER_APPICON_NAME = AppIcon;
				CODE_SIGN_STYLE = Automatic;
				DEVELOPMENT_TEAM = D8H2B9686D;
				INFOPLIST_FILE = StopWatch/Info.plist;
				LD_RUNPATH_SEARCH_PATHS = (
					"$(inherited)",
					"@executable_path/Frameworks",
				);
				PRODUCT_BUNDLE_IDENTIFIER = com.comeYummy.StopWatch;
				PRODUCT_NAME = "$(TARGET_NAME)";
				SWIFT_VERSION = 5.0;
				TARGETED_DEVICE_FAMILY = "1,2";
			};
			name = Debug;
		};
		C5682DDD2483D6A3003C92AC /* Release */ = {
			isa = XCBuildConfiguration;
			buildSettings = {
				ASSETCATALOG_COMPILER_APPICON_NAME = AppIcon;
				CODE_SIGN_STYLE = Automatic;
				DEVELOPMENT_TEAM = D8H2B9686D;
				INFOPLIST_FILE = StopWatch/Info.plist;
				LD_RUNPATH_SEARCH_PATHS = (
					"$(inherited)",
					"@executable_path/Frameworks",
				);
				PRODUCT_BUNDLE_IDENTIFIER = com.comeYummy.StopWatch;
				PRODUCT_NAME = "$(TARGET_NAME)";
				SWIFT_VERSION = 5.0;
				TARGETED_DEVICE_FAMILY = "1,2";
			};
			name = Release;
		};
/* End XCBuildConfiguration section */

/* Begin XCConfigurationList section */
		C5682DC22483D6A1003C92AC /* Build configuration list for PBXProject "StopWatch" */ = {
			isa = XCConfigurationList;
			buildConfigurations = (
				C5682DD92483D6A3003C92AC /* Debug */,
				C5682DDA2483D6A3003C92AC /* Release */,
			);
			defaultConfigurationIsVisible = 0;
			defaultConfigurationName = Release;
		};
		C5682DDB2483D6A3003C92AC /* Build configuration list for PBXNativeTarget "StopWatch" */ = {
			isa = XCConfigurationList;
			buildConfigurations = (
				C5682DDC2483D6A3003C92AC /* Debug */,
				C5682DDD2483D6A3003C92AC /* Release */,
			);
			defaultConfigurationIsVisible = 0;
			defaultConfigurationName = Release;
		};
/* End XCConfigurationList section */
	};
	rootObject = C5682DBF2483D6A1003C92AC /* Project object */;
}
